{
  "generated_at": "2026-08-18T11:56:14.876024+00:00",
  "generated_files": {
    ".engineering/generated/resolved-policy.json": "sha256:99d5f7a2a5bd481f527d8c1c164c989ef6f3d43493ee0d64bfbda58cbd36d262",
    ".engineering/skills/architecture-review/SKILL.md": "sha256:54680e22888f28b40390c5f402fafa7cc5338f3a8db6ebd29ebfac62a854b0e1",
    ".engineering/skills/functional-qa/SKILL.md": "sha256:6da8f6d1ee5eccca9a0fd2521e55c0a0ac25af0e352a2eda66a5e326a43d30e1",
    ".engineering/skills/independent-review/SKILL.md": "sha256:724548405c51c8b61324efcb91687dc5efffd06a59c5d14b5b6acc9b8ba9dfbb",
    ".engineering/skills/non-functional-qa/SKILL.md": "sha256:17c61ad036e624b67b4f669ad239b9b6dd280b11765186d1083da69d2bdaac56",
    ".engineering/skills/senior-ux-review/SKILL.md": "sha256:75b065163fc2a9881c92f3b9cc5badae4f9d7aae5afb9a1ecae1add890d7bde7",
    ".engineering/skills/solution-sufficiency/SKILL.md": "sha256:292981093e0eec05133681f7d4ec77f0828a8547dd38d22ca2c4ca096e90942d",
    ".github/workflows/process-validation.yml": "sha256:9fa92f50abe36cb821a623fc37473eb828f22d72fb2585b8fe084893738d8b19",
    "AGENTS.md": "sha256:e7ddff8ff02918cb9cb840c3d967a01d1894d7765aaaddbbfe9bcfaa5e0daf3b",
    "CLAUDE.md": "sha256:957b93063e5be757eda5d37ed338765508e59ce217b010b7f2cb898965c6114d"
  },
  "manifest_digest": "sha256:dac391ca38406feae23c931183dd5dd59d3e4c916f2912d56ce79c0d427c2d34",
  "policy_digest": "sha256:d41e6f27d1ef7c8595127927c0c20712edb5ce4cd1c6707d3c246bed87d78310",
  "revision": "fa26e629787fbab681b389f02a9f9a6e28d8481a",
  "schema_version": 1,
  "source": "suyog19/software-engineering-process",
  "version": "1.0.0"
}
